{
  "name": "islandis-login",
  "version": "1.1.6",
  "lockfileVersion": 1,
  "requires": true,
  "dependencies": {
    "@fidm/asn1": {
      "version": "1.0.4",
      "resolved": "https://registry.npmjs.org/@fidm/asn1/-/asn1-1.0.4.tgz",
      "integrity": "sha512-esd1jyNvRb2HVaQGq2Gg8Z0kbQPXzV9Tq5Z14KNIov6KfFD6PTaRIO8UpcsYiTNzOqJpmyzWgVTrUwFV3UF4TQ=="
    },
    "@fidm/x509": {
      "version": "1.2.1",
      "resolved": "https://registry.npmjs.org/@fidm/x509/-/x509-1.2.1.tgz",
      "integrity": "sha512-nwc2iesjyc9hkuzcrMCBXQRn653XuAUKorfWM8PZyJawiy1QzLj4vahwzaI25+pfpwOLvMzbJ0uKpWLDNmo16w==",
      "requires": {
        "@fidm/asn1": "^1.0.4",
        "tweetnacl": "^1.0.1"
      }
    },
    "prettier": {
      "version": "1.19.1",
      "resolved": "https://registry.npmjs.org/prettier/-/prettier-1.19.1.tgz",
      "integrity": "sha512-s7PoyDv/II1ObgQunCbB9PdLmUcBZcnWOcxDh7O0N/UwDEsHyqkW+Qh28jW+mVuCdx7gLB0BotYI1Y6uI9iyew==",
      "dev": true
    },
    "sax": {
      "version": "1.2.4",
      "resolved": "https://registry.npmjs.org/sax/-/sax-1.2.4.tgz",
      "integrity": "sha512-NqVDv9TpANUjFm0N8uM5GxL36UgKi9/atZw+x7YFnQ8ckwFGKrl4xX4yWtrey3UJm5nP1kUbnYgLopqWNSRhWw=="
    },
    "tweetnacl": {
      "version": "1.0.3",
      "resolved": "https://registry.npmjs.org/tweetnacl/-/tweetnacl-1.0.3.tgz",
      "integrity": "sha512-6rt+RN7aOi1nGMyC4Xa5DdYiukl2UWCbcJft7YhxReBGQD7OAM8Pbxw6YMo4r2diNEA8FEmu32YOn9rhaiE5yw=="
    },
    "xml-crypto": {
      "version": "2.0.0",
      "resolved": "https://registry.npmjs.org/xml-crypto/-/xml-crypto-2.0.0.tgz",
      "integrity": "sha512-/a04qr7RpONRZHOxROZ6iIHItdsQQjN3sj8lJkYDDss8tAkEaAs0VrFjb3tlhmS5snQru5lTs9/5ISSMdPDHlg==",
      "requires": {
        "xmldom": "0.1.27",
        "xpath": "0.0.27"
      },
      "dependencies": {
        "xmldom": {
          "version": "0.1.27",
          "resolved": "https://registry.npmjs.org/xmldom/-/xmldom-0.1.27.tgz",
          "integrity": "sha1-1QH5ezvbQDr4757MIFcxh6rawOk="
        }
      }
    },
    "xml2js": {
      "version": "0.4.23",
      "resolved": "https://registry.npmjs.org/xml2js/-/xml2js-0.4.23.tgz",
      "integrity": "sha512-ySPiMjM0+pLDftHgXY4By0uswI3SPKLDw/i3UXbnO8M/p28zqexCUoPmQFrYD+/1BzhGJSs2i1ERWKJAtiLrug==",
      "requires": {
        "sax": ">=0.6.0",
        "xmlbuilder": "~11.0.0"
      }
    },
    "xmlbuilder": {
      "version": "11.0.1",
      "resolved": "https://registry.npmjs.org/xmlbuilder/-/xmlbuilder-11.0.1.tgz",
      "integrity": "sha512-fDlsI/kFEx7gLvbecc0/ohLG50fugQp8ryHzMTuW9vSa1GJ0XYWKnhsUx7oie3G98+r56aTQIUB4kht42R3JvA=="
    },
    "xmldom": {
      "version": "0.5.0",
      "resolved": "https://registry.npmjs.org/xmldom/-/xmldom-0.5.0.tgz",
      "integrity": "sha512-Foaj5FXVzgn7xFzsKeNIde9g6aFBxTPi37iwsno8QvApmtg7KYrr+OPyRHcJF7dud2a5nGRBXK3n0dL62Gf7PA=="
    },
    "xpath": {
      "version": "0.0.27",
      "resolved": "https://registry.npmjs.org/xpath/-/xpath-0.0.27.tgz",
      "integrity": "sha512-fg03WRxtkCV6ohClePNAECYsmpKKTv5L8y/X3Dn1hQrec3POx2jHZ/0P2qQ6HvsrU1BmeqXcof3NGGueG6LxwQ=="
    }
  }
}
